
Microsoft Visual Studio Solution File, Format Version 12.00
# Visual Studio Version 17
VisualStudioVersion = 17.2.32519.379
MinimumVisualStudioVersion = 10.0.40219.1
Project("{FAE04EC0-301F-11D3-BF4B-00C04F79EFBC}") = "SharpStyles", "SharpStyles\SharpStyles.csproj", "{C6C873B5-44B3-4C79-81BB-D05C2A828EB6}"
EndProject
Project("{FAE04EC0-301F-11D3-BF4B-00C04F79EFBC}") = "SharpStyles.Tests.Unit", "SharpStyles.Tests.Unit\SharpStyles.Tests.Unit.csproj", "{D19B362E-2180-4027-A4A2-CEDC5926462F}"
EndProject
Global
	GlobalSection(SolutionConfigurationPlatforms) = preSolution
		Debug|Any CPU = Debug|Any CPU
		Release|Any CPU = Release|Any CPU
	EndGlobalSection
	GlobalSection(ProjectConfigurationPlatforms) = postSolution
		{C6C873B5-44B3-4C79-81BB-D05C2A828EB6}.Debug|Any CPU.ActiveCfg = Debug|Any CPU
		{C6C873B5-44B3-4C79-81BB-D05C2A828EB6}.Debug|Any CPU.Build.0 = Debug|Any CPU
		{C6C873B5-44B3-4C79-81BB-D05C2A828EB6}.Release|Any CPU.ActiveCfg = Release|Any CPU
		{C6C873B5-44B3-4C79-81BB-D05C2A828EB6}.Release|Any CPU.Build.0 = Release|Any CPU
		{D19B362E-2180-4027-A4A2-CEDC5926462F}.Debug|Any CPU.ActiveCfg = Debug|Any CPU
		{D19B362E-2180-4027-A4A2-CEDC5926462F}.Debug|Any CPU.Build.0 = Debug|Any CPU
		{D19B362E-2180-4027-A4A2-CEDC5926462F}.Release|Any CPU.ActiveCfg = Release|Any CPU
		{D19B362E-2180-4027-A4A2-CEDC5926462F}.Release|Any CPU.Build.0 = Release|Any CPU
	EndGlobalSection
	GlobalSection(SolutionProperties) = preSolution
		HideSolutionNode = FALSE
	EndGlobalSection
	GlobalSection(ExtensibilityGlobals) = postSolution
		SolutionGuid = {97C1DB80-DAC6-4227-930D-0C2B553FA248}
	EndGlobalSection
EndGlobal
